
Microsoft Visual Studio Solution File, Format Version 12.00
# Visual Studio Version 17
VisualStudioVersion = 17.3.32929.385
MinimumVisualStudioVersion = 10.0.40219.1
Project("{9A19103F-16F7-4668-BE54-9A1E7A4F7556}") = "Books", "Books.csproj", "{15BB8156-5405-4DB5-9C39-A45B7220A6F6}"
EndProject
Project("{FAE04EC0-301F-11D3-BF4B-00C04F79EFBC}") = "BooksUnitTesting", "..\BooksUnitTesting\BooksUnitTesting.csproj", "{72D54183-77CE-4CFD-94B0-E0953BCFA203}"
EndProject
Global
	GlobalSection(SolutionConfigurationPlatforms) = preSolution
		Debug|Any CPU = Debug|Any CPU
		Release|Any CPU = Release|Any CPU
	EndGlobalSection
	GlobalSection(ProjectConfigurationPlatforms) = postSolution
		{15BB8156-5405-4DB5-9C39-A45B7220A6F6}.Debug|Any CPU.ActiveCfg = Debug|Any CPU
		{15BB8156-5405-4DB5-9C39-A45B7220A6F6}.Debug|Any CPU.Build.0 = Debug|Any CPU
		{15BB8156-5405-4DB5-9C39-A45B7220A6F6}.Release|Any CPU.ActiveCfg = Release|Any CPU
		{15BB8156-5405-4DB5-9C39-A45B7220A6F6}.Release|Any CPU.Build.0 = Release|Any CPU
		{72D54183-77CE-4CFD-94B0-E0953BCFA203}.Debug|Any CPU.ActiveCfg = Debug|Any CPU
		{72D54183-77CE-4CFD-94B0-E0953BCFA203}.Debug|Any CPU.Build.0 = Debug|Any CPU
		{72D54183-77CE-4CFD-94B0-E0953BCFA203}.Release|Any CPU.ActiveCfg = Release|Any CPU
		{72D54183-77CE-4CFD-94B0-E0953BCFA203}.Release|Any CPU.Build.0 = Release|Any CPU
	EndGlobalSection
	GlobalSection(SolutionProperties) = preSolution
		HideSolutionNode = FALSE
	EndGlobalSection
	GlobalSection(ExtensibilityGlobals) = postSolution
		SolutionGuid = {F46B84BE-F51A-467E-A331-DF844E56FBD6}
	EndGlobalSection
EndGlobal
